// !$*UTF8*$!
{
	archiveVersion = 1;
	classes = {
	};
	objectVersion = 46;
	objects = {

/* Begin PBXBuildFile section */
		87E38B9C1F07F32D00152E87 /* AppDelegate.swift in Sources */ = {isa = PBXBuildFile; fileRef = 87E38B9B1F07F32D00152E87 /* AppDelegate.swift */; };
		87E38B9E1F07F32D00152E87 /* ViewController.swift in Sources */ = {isa = PBXBuildFile; fileRef = 87E38B9D1F07F32D00152E87 /* ViewController.swift */; };
		87E38BA11F07F32D00152E87 /* Main.storyboard in Resources */ = {isa = PBXBuildFile; fileRef = 87E38B9F1F07F32D00152E87 /* Main.storyboard */; };
		87E38BA31F07F32D00152E87 /* Assets.xcassets in Resources */ = {isa = PBXBuildFile; fileRef = 87E38BA21F07F32D00152E87 /* Assets.xcassets */; };
		87E38BA61F07F32D00152E87 /* LaunchScreen.storyboard in Resources */ = {isa = PBXBuildFile; fileRef = 87E38BA41F07F32D00152E87 /* LaunchScreen.storyboard */; };
		87E38BB11F07F32D00152E87 /* RealmTests.swift in Sources */ = {isa = PBXBuildFile; fileRef = 87E38BB01F07F32D00152E87 /* RealmTests.swift */; };
		87E38BBC1F07F32D00152E87 /* RealmUITests.swift in Sources */ = {isa = PBXBuildFile; fileRef = 87E38BBB1F07F32D00152E87 /* RealmUITests.swift */; };
/* End PBXBuildFile section */

/* Begin PBXContainerItemProxy section */
		87E38BAD1F07F32D00152E87 /* PBXContainerItemProxy */ = {
			isa = PBXContainerItemProxy;
			containerPortal = 87E38B901F07F32C00152E87 /* Project object */;
			proxyType = 1;
			remoteGlobalIDString = 87E38B971F07F32D00152E87;
			remoteInfo = Realm;
		};
		87E38BB81F07F32D00152E87 /* PBXContainerItemProxy */ = {
			isa = PBXContainerItemProxy;
			containerPortal = 87E38B901F07F32C00152E87 /* Project object */;
			proxyType = 1;
			remoteGlobalIDString = 87E38B971F07F32D00152E87;
			remoteInfo = Realm;
		};
/* End PBXContainerItemProxy section */

/* Begin PBXFileReference section */
		87E38B981F07F32D00152E87 /* Realm.app */ = {isa = PBXFileReference; explicitFileType = wrapper.application; includeInIndex = 0; path = Realm.app; sourceTree = BUILT_PRODUCTS_DIR; };
		87E38B9B1F07F32D00152E87 /* AppDelegate.swift */ = {isa = PBXFileReference; lastKnownFileType = sourcecode.swift; path = AppDelegate.swift; sourceTree = "<group>"; };
		87E38B9D1F07F32D00152E87 /* ViewController.swift */ = {isa = PBXFileReference; lastKnownFileType = sourcecode.swift; path = ViewController.swift; sourceTree = "<group>"; };
		87E38BA01F07F32D00152E87 /* Base */ = {isa = PBXFileReference; lastKnownFileType = file.storyboard; name = Base; path = Base.lproj/Main.storyboard; sourceTree = "<group>"; };
		87E38BA21F07F32D00152E87 /* Assets.xcassets */ = {isa = PBXFileReference; lastKnownFileType = folder.assetcatalog; path = Assets.xcassets; sourceTree = "<group>"; };
		87E38BA51F07F32D00152E87 /* Base */ = {isa = PBXFileReference; lastKnownFileType = file.storyboard; name = Base; path = Base.lproj/LaunchScreen.storyboard; sourceTree = "<group>"; };
		87E38BA71F07F32D00152E87 /* Info.plist */ = {isa = PBXFileReference; lastKnownFileType = text.plist.xml; path = Info.plist; sourceTree = "<group>"; };
		87E38BAC1F07F32D00152E87 /* RealmTests.xctest */ = {isa = PBXFileReference; explicitFileType = wrapper.cfbundle; includeInIndex = 0; path = RealmTests.xctest; sourceTree = BUILT_PRODUCTS_DIR; };
		87E38BB01F07F32D00152E87 /* RealmTests.swift */ = {isa = PBXFileReference; lastKnownFileType = sourcecode.swift; path = RealmTests.swift; sourceTree = "<group>"; };
		87E38BB21F07F32D00152E87 /* Info.plist */ = {isa = PBXFileReference; lastKnownFileType = text.plist.xml; path = Info.plist; sourceTree = "<group>"; };
		87E38BB71F07F32D00152E87 /* RealmUITests.xctest */ = {isa = PBXFileReference; explicitFileType = wrapper.cfbundle; includeInIndex = 0; path = RealmUITests.xctest; sourceTree = BUILT_PRODUCTS_DIR; };
		87E38BBB1F07F32D00152E87 /* RealmUITests.swift */ = {isa = PBXFileReference; lastKnownFileType = sourcecode.swift; path = RealmUITests.swift; sourceTree = "<group>"; };
		87E38BBD1F07F32D00152E87 /* Info.plist */ = {isa = PBXFileReference; lastKnownFileType = text.plist.xml; path = Info.plist; sourceTree = "<group>"; };
/* End PBXFileReference section */

/* Begin PBXFrameworksBuildPhase section */
		87E38B951F07F32D00152E87 /* Frameworks */ = {
			isa = PBXFrameworksBuildPhase;
			buildActionMask = 2147483647;
			files = (
			);
			runOnlyForDeploymentPostprocessing = 0;
		};
		87E38BA91F07F32D00152E87 /* Frameworks */ = {
			isa = PBXFrameworksBuildPhase;
			buildActionMask = 2147483647;
			files = (
			);
			runOnlyForDeploymentPostprocessing = 0;
		};
		87E38BB41F07F32D00152E87 /* Frameworks */ = {
			isa = PBXFrameworksBuildPhase;
			buildActionMask = 2147483647;
			files = (
			);
			runOnlyForDeploymentPostprocessing = 0;
		};
/* End PBXFrameworksBuildPhase section */

/* Begin PBXGroup section */
		87E38B8F1F07F32C00152E87 = {
			isa = PBXGroup;
			children = (
				87E38B9A1F07F32D00152E87 /* Realm */,
				87E38BAF1F07F32D00152E87 /* RealmTests */,
				87E38BBA1F07F32D00152E87 /* RealmUITests */,
				87E38B991F07F32D00152E87 /* Products */,
			);
			sourceTree = "<group>";
		};
		87E38B991F07F32D00152E87 /* Products */ = {
			isa = PBXGroup;
			children = (
				87E38B981F07F32D00152E87 /* Realm.app */,
				87E38BAC1F07F32D00152E87 /* RealmTests.xctest */,
				87E38BB71F07F32D00152E87 /* RealmUITests.xctest */,
			);
			name = Products;
			sourceTree = "<group>";
		};
		87E38B9A1F07F32D00152E87 /* Realm */ = {
			isa = PBXGroup;
			children = (
				87E38B9B1F07F32D00152E87 /* AppDelegate.swift */,
				87E38B9D1F07F32D00152E87 /* ViewController.swift */,
				87E38B9F1F07F32D00152E87 /* Main.storyboard */,
				87E38BA21F07F32D00152E87 /* Assets.xcassets */,
				87E38BA41F07F32D00152E87 /* LaunchScreen.storyboard */,
				87E38BA71F07F32D00152E87 /* Info.plist */,
			);
			path = Realm;
			sourceTree = "<group>";
		};
		87E38BAF1F07F32D00152E87 /* RealmTests */ = {
			isa = PBXGroup;
			children = (
				87E38BB01F07F32D00152E87 /* RealmTests.swift */,
				87E38BB21F07F32D00152E87 /* Info.plist */,
			);
			path = RealmTests;
			sourceTree = "<group>";
		};
		87E38BBA1F07F32D00152E87 /* RealmUITests */ = {
			isa = PBXGroup;
			children = (
				87E38BBB1F07F32D00152E87 /* RealmUITests.swift */,
				87E38BBD1F07F32D00152E87 /* Info.plist */,
			);
			path = RealmUITests;
			sourceTree = "<group>";
		};
/* End PBXGroup section */

/* Begin PBXNativeTarget section */
		87E38B971F07F32D00152E87 /* Realm */ = {
			isa = PBXNativeTarget;
			buildConfigurationList = 87E38BC01F07F32D00152E87 /* Build configuration list for PBXNativeTarget "Realm" */;
			buildPhases = (
				87E38B941F07F32D00152E87 /* Sources */,
				87E38B951F07F32D00152E87 /* Frameworks */,
				87E38B961F07F32D00152E87 /* Resources */,
			);
			buildRules = (
			);
			dependencies = (
			);
			name = Realm;
			productName = Realm;
			productReference = 87E38B981F07F32D00152E87 /* Realm.app */;
			productType = "com.apple.product-type.application";
		};
		87E38BAB1F07F32D00152E87 /* RealmTests */ = {
			isa = PBXNativeTarget;
			buildConfigurationList = 87E38BC31F07F32D00152E87 /* Build configuration list for PBXNativeTarget "RealmTests" */;
			buildPhases = (
				87E38BA81F07F32D00152E87 /* Sources */,
				87E38BA91F07F32D00152E87 /* Frameworks */,
				87E38BAA1F07F32D00152E87 /* Resources */,
			);
			buildRules = (
			);
			dependencies = (
				87E38BAE1F07F32D00152E87 /* PBXTargetDependency */,
			);
			name = RealmTests;
			productName = RealmTests;
			productReference = 87E38BAC1F07F32D00152E87 /* RealmTests.xctest */;
			productType = "com.apple.product-type.bundle.unit-test";
		};
		87E38BB61F07F32D00152E87 /* RealmUITests */ = {
			isa = PBXNativeTarget;
			buildConfigurationList = 87E38BC61F07F32D00152E87 /* Build configuration list for PBXNativeTarget "RealmUITests" */;
			buildPhases = (
				87E38BB31F07F32D00152E87 /* Sources */,
				87E38BB41F07F32D00152E87 /* Frameworks */,
				87E38BB51F07F32D00152E87 /* Resources */,
			);
			buildRules = (
			);
			dependencies = (
				87E38BB91F07F32D00152E87 /* PBXTargetDependency */,
			);
			name = RealmUITests;
			productName = RealmUITests;
			productReference = 87E38BB71F07F32D00152E87 /* RealmUITests.xctest */;
			productType = "com.apple.product-type.bundle.ui-testing";
		};
/* End PBXNativeTarget section */

/* Begin PBXProject section */
		87E38B901F07F32C00152E87 /* Project object */ = {
			isa = PBXProject;
			attributes = {
				LastSwiftUpdateCheck = 0830;
				LastUpgradeCheck = 0830;
				ORGANIZATIONNAME = "Andre Guedes";
				TargetAttributes = {
					87E38B971F07F32D00152E87 = {
						CreatedOnToolsVersion = 8.3.3;
						DevelopmentTeam = RXB4X27PH2;
						ProvisioningStyle = Automatic;
					};
					87E38BAB1F07F32D00152E87 = {
						CreatedOnToolsVersion = 8.3.3;
						DevelopmentTeam = RXB4X27PH2;
						ProvisioningStyle = Automatic;
						TestTargetID = 87E38B971F07F32D00152E87;
					};
					87E38BB61F07F32D00152E87 = {
						CreatedOnToolsVersion = 8.3.3;
						DevelopmentTeam = RXB4X27PH2;
						ProvisioningStyle = Automatic;
						TestTargetID = 87E38B971F07F32D00152E87;
					};
				};
			};
			buildConfigurationList = 87E38B931F07F32C00152E87 /* Build configuration list for PBXProject "Realm" */;
			compatibilityVersion = "Xcode 3.2";
			developmentRegion = English;
			hasScannedForEncodings = 0;
			knownRegions = (
				en,
				Base,
			);
			mainGroup = 87E38B8F1F07F32C00152E87;
			productRefGroup = 87E38B991F07F32D00152E87 /* Products */;
			projectDirPath = "";
			projectRoot = "";
			targets = (
				87E38B971F07F32D00152E87 /* Realm */,
				87E38BAB1F07F32D00152E87 /* RealmTests */,
				87E38BB61F07F32D00152E87 /* RealmUITests */,
			);
		};
/* End PBXProject section */

/* Begin PBXResourcesBuildPhase section */
		87E38B961F07F32D00152E87 /* Resources */ = {
			isa = PBXResourcesBuildPhase;
			buildActionMask = 2147483647;
			files = (
				87E38BA61F07F32D00152E87 /* LaunchScreen.storyboard in Resources */,
				87E38BA31F07F32D00152E87 /* Assets.xcassets in Resources */,
				87E38BA11F07F32D00152E87 /* Main.storyboard in Resources */,
			);
			runOnlyForDeploymentPostprocessing = 0;
		};
		87E38BAA1F07F32D00152E87 /* Resources */ = {
			isa = PBXResourcesBuildPhase;
			buildActionMask = 2147483647;
			files = (
			);
			runOnlyForDeploymentPostprocessing = 0;
		};
		87E38BB51F07F32D00152E87 /* Resources */ = {
			isa = PBXResourcesBuildPhase;
			buildActionMask = 2147483647;
			files = (
			);
			runOnlyForDeploymentPostprocessing = 0;
		};
/* End PBXResourcesBuildPhase section */

/* Begin PBXSourcesBuildPhase section */
		87E38B941F07F32D00152E87 /* Sources */ = {
			isa = PBXSourcesBuildPhase;
			buildActionMask = 2147483647;
			files = (
				87E38B9E1F07F32D00152E87 /* ViewController.swift in Sources */,
				87E38B9C1F07F32D00152E87 /* AppDelegate.swift in Sources */,
			);
			runOnlyForDeploymentPostprocessing = 0;
		};
		87E38BA81F07F32D00152E87 /* Sources */ = {
			isa = PBXSourcesBuildPhase;
			buildActionMask = 2147483647;
			files = (
				87E38BB11F07F32D00152E87 /* RealmTests.swift in Sources */,
			);
			runOnlyForDeploymentPostprocessing = 0;
		};
		87E38BB31F07F32D00152E87 /* Sources */ = {
			isa = PBXSourcesBuildPhase;
			buildActionMask = 2147483647;
			files = (
				87E38BBC1F07F32D00152E87 /* RealmUITests.swift in Sources */,
			);
			runOnlyForDeploymentPostprocessing = 0;
		};
/* End PBXSourcesBuildPhase section */

/* Begin PBXTargetDependency section */
		87E38BAE1F07F32D00152E87 /* PBXTargetDependency */ = {
			isa = PBXTargetDependency;
			target = 87E38B971F07F32D00152E87 /* Realm */;
			targetProxy = 87E38BAD1F07F32D00152E87 /* PBXContainerItemProxy */;
		};
		87E38BB91F07F32D00152E87 /* PBXTargetDependency */ = {
			isa = PBXTargetDependency;
			target = 87E38B971F07F32D00152E87 /* Realm */;
			targetProxy = 87E38BB81F07F32D00152E87 /* PBXContainerItemProxy */;
		};
/* End PBXTargetDependency section */

/* Begin PBXVariantGroup section */
		87E38B9F1F07F32D00152E87 /* Main.storyboard */ = {
			isa = PBXVariantGroup;
			children = (
				87E38BA01F07F32D00152E87 /* Base */,
			);
			name = Main.storyboard;
			sourceTree = "<group>";
		};
		87E38BA41F07F32D00152E87 /* LaunchScreen.storyboard */ = {
			isa = PBXVariantGroup;
			children = (
				87E38BA51F07F32D00152E87 /* Base */,
			);
			name = LaunchScreen.storyboard;
			sourceTree = "<group>";
		};
/* End PBXVariantGroup section */

/* Begin XCBuildConfiguration section */
		87E38BBE1F07F32D00152E87 /* Debug */ = {
			isa = XCBuildConfiguration;
			buildSettings = {
				ALWAYS_SEARCH_USER_PATHS = NO;
				CLANG_ANALYZER_NONNULL = YES;
				CLANG_ANALYZER_NUMBER_OBJECT_CONVERSION = YES_AGGRESSIVE;
				CLANG_CXX_LANGUAGE_STANDARD = "gnu++0x";
				CLANG_CXX_LIBRARY = "libc++";
				CLANG_ENABLE_MODULES = YES;
				CLANG_ENABLE_OBJC_ARC = YES;
				CLANG_WARN_BOOL_CONVERSION = YES;
				CLANG_WARN_CONSTANT_CONVERSION = YES;
				CLANG_WARN_DIRECT_OBJC_ISA_USAGE = YES_ERROR;
				CLANG_WARN_DOCUMENTATION_COMMENTS = YES;
				CLANG_WARN_EMPTY_BODY = YES;
				CLANG_WARN_ENUM_CONVERSION = YES;
				CLANG_WARN_INFINITE_RECURSION = YES;
				CLANG_WARN_INT_CONVERSION = YES;
				CLANG_WARN_OBJC_ROOT_CLASS = YES_ERROR;
				CLANG_WARN_SUSPICIOUS_MOVE = YES;
				CLANG_WARN_UNREACHABLE_CODE = YES;
				CLANG_WARN__DUPLICATE_METHOD_MATCH = YES;
				"CODE_SIGN_IDENTITY[sdk=iphoneos*]" = "iPhone Developer";
				COPY_PHASE_STRIP = NO;
				DEBUG_INFORMATION_FORMAT = dwarf;
				ENABLE_STRICT_OBJC_MSGSEND = YES;
				ENABLE_TESTABILITY = YES;
				GCC_C_LANGUAGE_STANDARD = gnu99;
				GCC_DYNAMIC_NO_PIC = NO;
				GCC_NO_COMMON_BLOCKS = YES;
				GCC_OPTIMIZATION_LEVEL = 0;
				GCC_PREPROCESSOR_DEFINITIONS = (
					"DEBUG=1",
					"$(inherited)",
				);
				GCC_WARN_64_TO_32_BIT_CONVERSION = YES;
				GCC_WARN_ABOUT_RETURN_TYPE = YES_ERROR;
				GCC_WARN_UNDECLARED_SELECTOR = YES;
				GCC_WARN_UNINITIALIZED_AUTOS = YES_AGGRESSIVE;
				GCC_WARN_UNUSED_FUNCTION = YES;
				GCC_WARN_UNUSED_VARIABLE = YES;
				IPHONEOS_DEPLOYMENT_TARGET = 10.3;
				MTL_ENABLE_DEBUG_INFO = YES;
				ONLY_ACTIVE_ARCH = YES;
				SDKROOT = iphoneos;
				SWIFT_ACTIVE_COMPILATION_CONDITIONS = DEBUG;
				SWIFT_OPTIMIZATION_LEVEL = "-Onone";
				TARGETED_DEVICE_FAMILY = "1,2";
			};
			name = Debug;
		};
		87E38BBF1F07F32D00152E87 /* Release */ = {
			isa = XCBuildConfiguration;
			buildSettings = {
				ALWAYS_SEARCH_USER_PATHS = NO;
				CLANG_ANALYZER_NONNULL = YES;
				CLANG_ANALYZER_NUMBER_OBJECT_CONVERSION = YES_AGGRESSIVE;
				CLANG_CXX_LANGUAGE_STANDARD = "gnu++0x";
				CLANG_CXX_LIBRARY = "libc++";
				CLANG_ENABLE_MODULES = YES;
				CLANG_ENABLE_OBJC_ARC = YES;
				CLANG_WARN_BOOL_CONVERSION = YES;
				CLANG_WARN_CONSTANT_CONVERSION = YES;
				CLANG_WARN_DIRECT_OBJC_ISA_USAGE = YES_ERROR;
				CLANG_WARN_DOCUMENTATION_COMMENTS = YES;
				CLANG_WARN_EMPTY_BODY = YES;
				CLANG_WARN_ENUM_CONVERSION = YES;
				CLANG_WARN_INFINITE_RECURSION = YES;
				CLANG_WARN_INT_CONVERSION = YES;
				CLANG_WARN_OBJC_ROOT_CLASS = YES_ERROR;
				CLANG_WARN_SUSPICIOUS_MOVE = YES;
				CLANG_WARN_UNREACHABLE_CODE = YES;
				CLANG_WARN__DUPLICATE_METHOD_MATCH = YES;
				"CODE_SIGN_IDENTITY[sdk=iphoneos*]" = "iPhone Developer";
				COPY_PHASE_STRIP = NO;
				DEBUG_INFORMATION_FORMAT = "dwarf-with-dsym";
				ENABLE_NS_ASSERTIONS = NO;
				ENABLE_STRICT_OBJC_MSGSEND = YES;
				GCC_C_LANGUAGE_STANDARD = gnu99;
				GCC_NO_COMMON_BLOCKS = YES;
				GCC_WARN_64_TO_32_BIT_CONVERSION = YES;
				GCC_WARN_ABOUT_RETURN_TYPE = YES_ERROR;
				GCC_WARN_UNDECLARED_SELECTOR = YES;
				GCC_WARN_UNINITIALIZED_AUTOS = YES_AGGRESSIVE;
				GCC_WARN_UNUSED_FUNCTION = YES;
				GCC_WARN_UNUSED_VARIABLE = YES;
				IPHONEOS_DEPLOYMENT_TARGET = 10.3;
				MTL_ENABLE_DEBUG_INFO = NO;
				SDKROOT = iphoneos;
				SWIFT_OPTIMIZATION_LEVEL = "-Owholemodule";
				TARGETED_DEVICE_FAMILY = "1,2";
				VALIDATE_PRODUCT = YES;
			};
			name = Release;
		};
		87E38BC11F07F32D00152E87 /* Debug */ = {
			isa = XCBuildConfiguration;
			buildSettings = {
				ASSETCATALOG_COMPILER_APPICON_NAME = AppIcon;
				DEVELOPMENT_TEAM = RXB4X27PH2;
				INFOPLIST_FILE = Realm/Info.plist;
				LD_RUNPATH_SEARCH_PATHS = "$(inherited) @executable_path/Frameworks";
				PRODUCT_BUNDLE_IDENTIFIER = br.com.andreguedes.Realm;
				PRODUCT_NAME = "$(TARGET_NAME)";
				SWIFT_VERSION = 3.0;
			};
			name = Debug;
		};
		87E38BC21F07F32D00152E87 /* Release */ = {
			isa = XCBuildConfiguration;
			buildSettings = {
				ASSETCATALOG_COMPILER_APPICON_NAME = AppIcon;
				DEVELOPMENT_TEAM = RXB4X27PH2;
				INFOPLIST_FILE = Realm/Info.plist;
				LD_RUNPATH_SEARCH_PATHS = "$(inherited) @executable_path/Frameworks";
				PRODUCT_BUNDLE_IDENTIFIER = br.com.andreguedes.Realm;
				PRODUCT_NAME = "$(TARGET_NAME)";
				SWIFT_VERSION = 3.0;
			};
			name = Release;
		};
		87E38BC41F07F32D00152E87 /* Debug */ = {
			isa = XCBuildConfiguration;
			buildSettings = {
				ALWAYS_EMBED_SWIFT_STANDARD_LIBRARIES = YES;
				BUNDLE_LOADER = "$(TEST_HOST)";
				DEVELOPMENT_TEAM = RXB4X27PH2;
				INFOPLIST_FILE = RealmTests/Info.plist;
				LD_RUNPATH_SEARCH_PATHS = "$(inherited) @executable_path/Frameworks @loader_path/Frameworks";
				PRODUCT_BUNDLE_IDENTIFIER = br.com.andreguedes.RealmTests;
				PRODUCT_NAME = "$(TARGET_NAME)";
				SWIFT_VERSION = 3.0;
				TEST_HOST = "$(BUILT_PRODUCTS_DIR)/Realm.app/Realm";
			};
			name = Debug;
		};
		87E38BC51F07F32D00152E87 /* Release */ = {
			isa = XCBuildConfiguration;
			buildSettings = {
				ALWAYS_EMBED_SWIFT_STANDARD_LIBRARIES = YES;
				BUNDLE_LOADER = "$(TEST_HOST)";
				DEVELOPMENT_TEAM = RXB4X27PH2;
				INFOPLIST_FILE = RealmTests/Info.plist;
				LD_RUNPATH_SEARCH_PATHS = "$(inherited) @executable_path/Frameworks @loader_path/Frameworks";
				PRODUCT_BUNDLE_IDENTIFIER = br.com.andreguedes.RealmTests;
				PRODUCT_NAME = "$(TARGET_NAME)";
				SWIFT_VERSION = 3.0;
				TEST_HOST = "$(BUILT_PRODUCTS_DIR)/Realm.app/Realm";
			};
			name = Release;
		};
		87E38BC71F07F32D00152E87 /* Debug */ = {
			isa = XCBuildConfiguration;
			buildSettings = {
				ALWAYS_EMBED_SWIFT_STANDARD_LIBRARIES = YES;
				DEVELOPMENT_TEAM = RXB4X27PH2;
				INFOPLIST_FILE = RealmUITests/Info.plist;
				LD_RUNPATH_SEARCH_PATHS = "$(inherited) @executable_path/Frameworks @loader_path/Frameworks";
				PRODUCT_BUNDLE_IDENTIFIER = br.com.andreguedes.RealmUITests;
				PRODUCT_NAME = "$(TARGET_NAME)";
				SWIFT_VERSION = 3.0;
				TEST_TARGET_NAME = Realm;
			};
			name = Debug;
		};
		87E38BC81F07F32D00152E87 /* Release */ = {
			isa = XCBuildConfiguration;
			buildSettings = {
				ALWAYS_EMBED_SWIFT_STANDARD_LIBRARIES = YES;
				DEVELOPMENT_TEAM = RXB4X27PH2;
				INFOPLIST_FILE = RealmUITests/Info.plist;
				LD_RUNPATH_SEARCH_PATHS = "$(inherited) @executable_path/Frameworks @loader_path/Frameworks";
				PRODUCT_BUNDLE_IDENTIFIER = br.com.andreguedes.RealmUITests;
				PRODUCT_NAME = "$(TARGET_NAME)";
				SWIFT_VERSION = 3.0;
				TEST_TARGET_NAME = Realm;
			};
			name = Release;
		};
/* End XCBuildConfiguration section */

/* Begin XCConfigurationList section */
		87E38B931F07F32C00152E87 /* Build configuration list for PBXProject "Realm" */ = {
			isa = XCConfigurationList;
			buildConfigurations = (
				87E38BBE1F07F32D00152E87 /* Debug */,
				87E38BBF1F07F32D00152E87 /* Release */,
			);
			defaultConfigurationIsVisible = 0;
			defaultConfigurationName = Release;
		};
		87E38BC01F07F32D00152E87 /* Build configuration list for PBXNativeTarget "Realm" */ = {
			isa = XCConfigurationList;
			buildConfigurations = (
				87E38BC11F07F32D00152E87 /* Debug */,
				87E38BC21F07F32D00152E87 /* Release */,
			);
			defaultConfigurationIsVisible = 0;
		};
		87E38BC31F07F32D00152E87 /* Build configuration list for PBXNativeTarget "RealmTests" */ = {
			isa = XCConfigurationList;
			buildConfigurations = (
				87E38BC41F07F32D00152E87 /* Debug */,
				87E38BC51F07F32D00152E87 /* Release */,
			);
			defaultConfigurationIsVisible = 0;
		};
		87E38BC61F07F32D00152E87 /* Build configuration list for PBXNativeTarget "RealmUITests" */ = {
			isa = XCConfigurationList;
			buildConfigurations = (
				87E38BC71F07F32D00152E87 /* Debug */,
				87E38BC81F07F32D00152E87 /* Release */,
			);
			defaultConfigurationIsVisible = 0;
		};
/* End XCConfigurationList section */
	};
	rootObject = 87E38B901F07F32C00152E87 /* Project object */;
}
